
Microsoft Visual Studio Solution File, Format Version 12.00
# Visual Studio Version 17
VisualStudioVersion = 17.1.32228.430
MinimumVisualStudioVersion = 10.0.40219.1
Project("{9A19103F-16F7-4668-BE54-9A1E7A4F7556}") = "Battleship.Server", "Battleship.Server\Battleship.Server.csproj", "{85850609-A061-4F82-BCD8-33E757D1B4D5}"
EndProject
Project("{9A19103F-16F7-4668-BE54-9A1E7A4F7556}") = "Battleship.Game", "Battleship.Game\Battleship.Game.csproj", "{EA4644E7-9603-4A6D-A42A-DB7A94DF6365}"
EndProject
Project("{9A19103F-16F7-4668-BE54-9A1E7A4F7556}") = "Battleship.Tests", "Battleship.Tests\Battleship.Tests.csproj", "{356F53A6-F914-4AB0-8132-2A7E3B5A2531}"
EndProject
Project("{9A19103F-16F7-4668-BE54-9A1E7A4F7556}") = "Battleship.WASM.Server", "Battleship.WASM\Server\Battleship.WASM.Server.csproj", "{2BBAFF4E-0E76-43BC-B97A-B88A49B9C17C}"
EndProject
Project("{9A19103F-16F7-4668-BE54-9A1E7A4F7556}") = "Battleship.WASM.Client", "Battleship.WASM\Client\Battleship.WASM.Client.csproj", "{795F05AB-F3B2-4E94-832E-8DEFE88CE099}"
EndProject
Project("{9A19103F-16F7-4668-BE54-9A1E7A4F7556}") = "Battleship.WASM.Shared", "Battleship.WASM\Shared\Battleship.WASM.Shared.csproj", "{B861A168-72FC-413F-B2CA-D3401CAE681C}"
EndProject
Global
	GlobalSection(SolutionConfigurationPlatforms) = preSolution
		Debug|Any CPU = Debug|Any CPU
		Release|Any CPU = Release|Any CPU
	EndGlobalSection
	GlobalSection(ProjectConfigurationPlatforms) = postSolution
		{85850609-A061-4F82-BCD8-33E757D1B4D5}.Debug|Any CPU.ActiveCfg = Debug|Any CPU
		{85850609-A061-4F82-BCD8-33E757D1B4D5}.Debug|Any CPU.Build.0 = Debug|Any CPU
		{85850609-A061-4F82-BCD8-33E757D1B4D5}.Release|Any CPU.ActiveCfg = Release|Any CPU
		{85850609-A061-4F82-BCD8-33E757D1B4D5}.Release|Any CPU.Build.0 = Release|Any CPU
		{EA4644E7-9603-4A6D-A42A-DB7A94DF6365}.Debug|Any CPU.ActiveCfg = Debug|Any CPU
		{EA4644E7-9603-4A6D-A42A-DB7A94DF6365}.Debug|Any CPU.Build.0 = Debug|Any CPU
		{EA4644E7-9603-4A6D-A42A-DB7A94DF6365}.Release|Any CPU.ActiveCfg = Release|Any CPU
		{EA4644E7-9603-4A6D-A42A-DB7A94DF6365}.Release|Any CPU.Build.0 = Release|Any CPU
		{356F53A6-F914-4AB0-8132-2A7E3B5A2531}.Debug|Any CPU.ActiveCfg = Debug|Any CPU
		{356F53A6-F914-4AB0-8132-2A7E3B5A2531}.Debug|Any CPU.Build.0 = Debug|Any CPU
		{356F53A6-F914-4AB0-8132-2A7E3B5A2531}.Release|Any CPU.ActiveCfg = Release|Any CPU
		{356F53A6-F914-4AB0-8132-2A7E3B5A2531}.Release|Any CPU.Build.0 = Release|Any CPU
		{2BBAFF4E-0E76-43BC-B97A-B88A49B9C17C}.Debug|Any CPU.ActiveCfg = Debug|Any CPU
		{2BBAFF4E-0E76-43BC-B97A-B88A49B9C17C}.Debug|Any CPU.Build.0 = Debug|Any CPU
		{2BBAFF4E-0E76-43BC-B97A-B88A49B9C17C}.Release|Any CPU.ActiveCfg = Release|Any CPU
		{2BBAFF4E-0E76-43BC-B97A-B88A49B9C17C}.Release|Any CPU.Build.0 = Release|Any CPU
		{795F05AB-F3B2-4E94-832E-8DEFE88CE099}.Debug|Any CPU.ActiveCfg = Debug|Any CPU
		{795F05AB-F3B2-4E94-832E-8DEFE88CE099}.Debug|Any CPU.Build.0 = Debug|Any CPU
		{795F05AB-F3B2-4E94-832E-8DEFE88CE099}.Release|Any CPU.ActiveCfg = Release|Any CPU
		{795F05AB-F3B2-4E94-832E-8DEFE88CE099}.Release|Any CPU.Build.0 = Release|Any CPU
		{B861A168-72FC-413F-B2CA-D3401CAE681C}.Debug|Any CPU.ActiveCfg = Debug|Any CPU
		{B861A168-72FC-413F-B2CA-D3401CAE681C}.Debug|Any CPU.Build.0 = Debug|Any CPU
		{B861A168-72FC-413F-B2CA-D3401CAE681C}.Release|Any CPU.ActiveCfg = Release|Any CPU
		{B861A168-72FC-413F-B2CA-D3401CAE681C}.Release|Any CPU.Build.0 = Release|Any CPU
	EndGlobalSection
	GlobalSection(SolutionProperties) = preSolution
		HideSolutionNode = FALSE
	EndGlobalSection
	GlobalSection(ExtensibilityGlobals) = postSolution
		SolutionGuid = {9A36214D-1D27-4B6B-80CE-ADE7C69ED032}
	EndGlobalSection
EndGlobal
